
Microsoft Visual Studio Solution File, Format Version 11.00
# Visual Studio 2010
Project("{FAE04EC0-301F-11D3-BF4B-00C04F79EFBC}") = "Football_Simulation", "Assembly-CSharp.csproj", "{5200E2E5-D41C-D51E-45A0-2800057CAE9C}"
EndProject
Global
	GlobalSection(SolutionConfigurationPlatforms) = preSolution
		Debug|Any CPU = Debug|Any CPU
		Release|Any CPU = Release|Any CPU
	EndGlobalSection
	GlobalSection(ProjectConfigurationPlatforms) = postSolution
		{5200E2E5-D41C-D51E-45A0-2800057CAE9C}.Debug|Any CPU.ActiveCfg = Debug|Any CPU
		{5200E2E5-D41C-D51E-45A0-2800057CAE9C}.Debug|Any CPU.Build.0 = Debug|Any CPU
		{5200E2E5-D41C-D51E-45A0-2800057CAE9C}.Release|Any CPU.ActiveCfg = Release|Any CPU
		{5200E2E5-D41C-D51E-45A0-2800057CAE9C}.Release|Any CPU.Build.0 = Release|Any CPU
	EndGlobalSection
	GlobalSection(SolutionProperties) = preSolution
		HideSolutionNode = FALSE
	EndGlobalSection
	GlobalSection(MonoDevelopProperties) = preSolution
		StartupItem = Assembly-CSharp.csproj
	EndGlobalSection
EndGlobal
